
Microsoft Visual Studio Solution File, Format Version 12.00
# Visual Studio Version 17
VisualStudioVersion = 17.11.35312.102
MinimumVisualStudioVersion = 10.0.40219.1
Project("{9A19103F-16F7-4668-BE54-9A1E7A4F7556}") = "AntV1ruz", "AntV1ruz - Virus Scanner\AntV1ruz.csproj", "{3919CC64-68BA-4F6D-9593-ED7A908926B9}"
EndProject
Project("{9A19103F-16F7-4668-BE54-9A1E7A4F7556}") = "AntV1ruz.GUI", "AntV1ruz.GUI\AntV1ruz.GUI.csproj", "{92969ADA-0271-496E-AFF8-C69AB43AB45D}"
EndProject
Global
	GlobalSection(SolutionConfigurationPlatforms) = preSolution
		Debug|Any CPU = Debug|Any CPU
		Release|Any CPU = Release|Any CPU
	EndGlobalSection
	GlobalSection(ProjectConfigurationPlatforms) = postSolution
		{3919CC64-68BA-4F6D-9593-ED7A908926B9}.Debug|Any CPU.ActiveCfg = Debug|Any CPU
		{3919CC64-68BA-4F6D-9593-ED7A908926B9}.Debug|Any CPU.Build.0 = Debug|Any CPU
		{3919CC64-68BA-4F6D-9593-ED7A908926B9}.Release|Any CPU.ActiveCfg = Release|Any CPU
		{3919CC64-68BA-4F6D-9593-ED7A908926B9}.Release|Any CPU.Build.0 = Release|Any CPU
		{92969ADA-0271-496E-AFF8-C69AB43AB45D}.Debug|Any CPU.ActiveCfg = Debug|Any CPU
		{92969ADA-0271-496E-AFF8-C69AB43AB45D}.Debug|Any CPU.Build.0 = Debug|Any CPU
		{92969ADA-0271-496E-AFF8-C69AB43AB45D}.Release|Any CPU.ActiveCfg = Release|Any CPU
		{92969ADA-0271-496E-AFF8-C69AB43AB45D}.Release|Any CPU.Build.0 = Release|Any CPU
	EndGlobalSection
	GlobalSection(SolutionProperties) = preSolution
		HideSolutionNode = FALSE
	EndGlobalSection
	GlobalSection(ExtensibilityGlobals) = postSolution
		SolutionGuid = {582EBCC0-B439-4D82-A0B4-85C99C703640}
	EndGlobalSection
EndGlobal
